Microsoft Visual Studio Solution File, Format Version 12.00
# Visual Studio Version 17
VisualStudioVersion = 17.1.32210.238
MinimumVisualStudioVersion = 10.0.40219.1
Project("{9A19103F-16F7-4668-BE54-9A1E7A4F7556}") = "Jellyfin.Plugin.SubtitleFixer", "Jellyfin.Plugin.Template\Jellyfin.Plugin.SubtitleFixer.csproj", "{D921B930-CF91-406F-ACBC-08914DCD0D34}"
EndProject
Project("{911E67C6-3D85-4FCE-B560-20A9C3E3FF48}") = "jellyfin", "debug-server\jellyfin_10.7.7\jellyfin.exe", "{7B0CD79A-AFF8-4F73-B145-125B9978348D}"
	ProjectSection(DebuggerProjectSystem) = preProject
		PortSupplier = 00000000-0000-0000-0000-000000000000
		Executable = A:\dev\jellyfin-movie-subtitle-sorter\debug-server\jellyfin_10.7.7\jellyfin.exe
		RemoteMachine = BENJAMIN-PC
		StartingDirectory = A:\dev\jellyfin-movie-subtitle-sorter\debug-server\jellyfin_10.7.7
		Environment = Default
		LaunchingEngine = 00000000-0000-0000-0000-000000000000
		UseLegacyDebugEngines = No
		LaunchSQLEngine = No
		AttachLaunchAction = No
		IORedirection = Auto
	EndProjectSection
EndProject
Global
	GlobalSection(SolutionConfigurationPlatforms) = preSolution
		Debug|Any CPU = Debug|Any CPU
		Debug|x64 = Debug|x64
		Release|Any CPU = Release|Any CPU
		Release|x64 = Release|x64
	EndGlobalSection
	GlobalSection(ProjectConfigurationPlatforms) = postSolution
		{D921B930-CF91-406F-ACBC-08914DCD0D34}.Debug|Any CPU.ActiveCfg = Debug|Any CPU
		{D921B930-CF91-406F-ACBC-08914DCD0D34}.Debug|Any CPU.Build.0 = Debug|Any CPU
		{D921B930-CF91-406F-ACBC-08914DCD0D34}.Debug|x64.ActiveCfg = Debug|Any CPU
		{D921B930-CF91-406F-ACBC-08914DCD0D34}.Debug|x64.Build.0 = Debug|Any CPU
		{D921B930-CF91-406F-ACBC-08914DCD0D34}.Release|Any CPU.ActiveCfg = Release|Any CPU
		{D921B930-CF91-406F-ACBC-08914DCD0D34}.Release|Any CPU.Build.0 = Release|Any CPU
		{D921B930-CF91-406F-ACBC-08914DCD0D34}.Release|x64.ActiveCfg = Release|Any CPU
		{D921B930-CF91-406F-ACBC-08914DCD0D34}.Release|x64.Build.0 = Release|Any CPU
		{7B0CD79A-AFF8-4F73-B145-125B9978348D}.Debug|Any CPU.ActiveCfg = Release|x64
		{7B0CD79A-AFF8-4F73-B145-125B9978348D}.Debug|x64.ActiveCfg = Release|x64
		{7B0CD79A-AFF8-4F73-B145-125B9978348D}.Release|Any CPU.ActiveCfg = Release|x64
		{7B0CD79A-AFF8-4F73-B145-125B9978348D}.Release|x64.ActiveCfg = Release|x64
	EndGlobalSection
	GlobalSection(SolutionProperties) = preSolution
		HideSolutionNode = FALSE
	EndGlobalSection
	GlobalSection(ExtensibilityGlobals) = postSolution
		SolutionGuid = {B63CBD13-0E41-49E4-AF1D-76945D33B1B3}
	EndGlobalSection
EndGlobal
